
Microsoft Visual Studio Solution File, Format Version 12.00
# Visual Studio Version 17
VisualStudioVersion = 17.0.31919.166
MinimumVisualStudioVersion = 10.0.40219.1
Project("{FAE04EC0-301F-11D3-BF4B-00C04F79EFBC}") = "ProductManager", "ProductManager\ProductManager.csproj", "{EFDB2730-5156-49B6-8A39-4695DA110CE0}"
EndProject
Global
	GlobalSection(SolutionConfigurationPlatforms) = preSolution
		Debug|Any CPU = Debug|Any CPU
		Release|Any CPU = Release|Any CPU
	EndGlobalSection
	GlobalSection(ProjectConfigurationPlatforms) = postSolution
		{EFDB2730-5156-49B6-8A39-4695DA110CE0}.Debug|Any CPU.ActiveCfg = Debug|Any CPU
		{EFDB2730-5156-49B6-8A39-4695DA110CE0}.Debug|Any CPU.Build.0 = Debug|Any CPU
		{EFDB2730-5156-49B6-8A39-4695DA110CE0}.Release|Any CPU.ActiveCfg = Release|Any CPU
		{EFDB2730-5156-49B6-8A39-4695DA110CE0}.Release|Any CPU.Build.0 = Release|Any CPU
	EndGlobalSection
	GlobalSection(SolutionProperties) = preSolution
		HideSolutionNode = FALSE
	EndGlobalSection
	GlobalSection(ExtensibilityGlobals) = postSolution
		SolutionGuid = {2AD7F6EA-CF93-4BC7-AC8C-846B30D61A45}
	EndGlobalSection
EndGlobal
